// !$*UTF8*$!
{
	archiveVersion = 1;
	classes = {
	};
	objectVersion = 56;
	objects = {

/* Begin PBXBuildFile section */
		180420AA2AA346350046EDD8 /* AddAddressViewController.swift in Sources */ = {isa = PBXBuildFile; fileRef = 180420A92AA346350046EDD8 /* AddAddressViewController.swift */; };
		180420AC2AA353870046EDD8 /* AddressListViewController.swift in Sources */ = {isa = PBXBuildFile; fileRef = 180420AB2AA353870046EDD8 /* AddressListViewController.swift */; };
		180420AF2AA353B50046EDD8 /* AddressListTableViewCell.swift in Sources */ = {isa = PBXBuildFile; fileRef = 180420AD2AA353B50046EDD8 /* AddressListTableViewCell.swift */; };
		180420B02AA353B50046EDD8 /* AddressListTableViewCell.xib in Resources */ = {isa = PBXBuildFile; fileRef = 180420AE2AA353B50046EDD8 /* AddressListTableViewCell.xib */; };
		180420B32AA3574A0046EDD8 /* RatingViewController.swift in Sources */ = {isa = PBXBuildFile; fileRef = 180420B12AA3574A0046EDD8 /* RatingViewController.swift */; };
		180420B42AA3574A0046EDD8 /* RatingViewController.xib in Resources */ = {isa = PBXBuildFile; fileRef = 180420B22AA3574A0046EDD8 /* RatingViewController.xib */; };
		1839AD822ACECB26000D5F59 /* UIImageView+Extension.swift in Sources */ = {isa = PBXBuildFile; fileRef = 1839AD812ACECB26000D5F59 /* UIImageView+Extension.swift */; };
		183CA08F2AA736B900722B26 /* CustomFooterView.swift in Sources */ = {isa = PBXBuildFile; fileRef = 183CA08E2AA736B900722B26 /* CustomFooterView.swift */; };
		183CA0912AA736CB00722B26 /* CustomFooterView.xib in Resources */ = {isa = PBXBuildFile; fileRef = 183CA0902AA736CB00722B26 /* CustomFooterView.xib */; };
		183CA0932AA7501D00722B26 /* Address.storyboard in Resources */ = {isa = PBXBuildFile; fileRef = 183CA0922AA7501D00722B26 /* Address.storyboard */; };
		1884FAA72AA5FC8A0020DFB3 /* Orders.storyboard in Resources */ = {isa = PBXBuildFile; fileRef = 1884FAA62AA5FC8A0020DFB3 /* Orders.storyboard */; };
		1884FAA92AA5FCB80020DFB3 /* MyOrdersViewController.swift in Sources */ = {isa = PBXBuildFile; fileRef = 1884FAA82AA5FCB80020DFB3 /* MyOrdersViewController.swift */; };
		1884FAAC2AA5FD510020DFB3 /* MyOrdersTableViewCell.swift in Sources */ = {isa = PBXBuildFile; fileRef = 1884FAAA2AA5FD510020DFB3 /* MyOrdersTableViewCell.swift */; };
		1884FAAD2AA5FD510020DFB3 /* MyOrdersTableViewCell.xib in Resources */ = {isa = PBXBuildFile; fileRef = 1884FAAB2AA5FD510020DFB3 /* MyOrdersTableViewCell.xib */; };
		1884FAAF2AA600220020DFB3 /* OrderIdViewController.swift in Sources */ = {isa = PBXBuildFile; fileRef = 1884FAAE2AA600220020DFB3 /* OrderIdViewController.swift */; };
		1884FAB22AA600DC0020DFB3 /* OrderIdTableViewCell.swift in Sources */ = {isa = PBXBuildFile; fileRef = 1884FAB02AA600DC0020DFB3 /* OrderIdTableViewCell.swift */; };
		1884FAB32AA600DC0020DFB3 /* OrderIdTableViewCell.xib in Resources */ = {isa = PBXBuildFile; fileRef = 1884FAB12AA600DC0020DFB3 /* OrderIdTableViewCell.xib */; };
		18904AEA2AA6EDB0002F8305 /* Account.storyboard in Resources */ = {isa = PBXBuildFile; fileRef = 18904AE92AA6EDB0002F8305 /* Account.storyboard */; };
		18904AEC2AA6EDEF002F8305 /* MyAccountViewController.swift in Sources */ = {isa = PBXBuildFile; fileRef = 18904AEB2AA6EDEF002F8305 /* MyAccountViewController.swift */; };
		18904AEE2AA6EE18002F8305 /* EditProfileViewController.swift in Sources */ = {isa = PBXBuildFile; fileRef = 18904AED2AA6EE17002F8305 /* EditProfileViewController.swift */; };
		18904AF02AA70844002F8305 /* EditCartViewModel.swift in Sources */ = {isa = PBXBuildFile; fileRef = 18904AEF2AA70844002F8305 /* EditCartViewModel.swift */; };
		18904AF22AA70859002F8305 /* EditDeleteCartModel.swift in Sources */ = {isa = PBXBuildFile; fileRef = 18904AF12AA70859002F8305 /* EditDeleteCartModel.swift */; };
		18904AF42AA726EC002F8305 /* DeleteCartViewModel.swift in Sources */ = {isa = PBXBuildFile; fileRef = 18904AF32AA726EC002F8305 /* DeleteCartViewModel.swift */; };
		18B0CF082AA05D1200361E85 /* CartManager.swift in Sources */ = {isa = PBXBuildFile; fileRef = 18B0CF072AA05D1200361E85 /* CartManager.swift */; };
		18B0CF0B2AA0701600361E85 /* QuantityPopUpViewController.swift in Sources */ = {isa = PBXBuildFile; fileRef = 18B0CF092AA0701600361E85 /* QuantityPopUpViewController.swift */; };
		18B0CF0C2AA0701600361E85 /* QuantityPopUpViewController.xib in Resources */ = {isa = PBXBuildFile; fileRef = 18B0CF0A2AA0701600361E85 /* QuantityPopUpViewController.xib */; };
		18B5A8622AA1B23E0071BC48 /* MyCartViewController.swift in Sources */ = {isa = PBXBuildFile; fileRef = 18B5A8612AA1B23E0071BC48 /* MyCartViewController.swift */; };
		18B5A8642AA1E7370071BC48 /* AddToCartModel.swift in Sources */ = {isa = PBXBuildFile; fileRef = 18B5A8632AA1E7370071BC48 /* AddToCartModel.swift */; };
		18B5A8662AA1E77F0071BC48 /* AddToCartViewModel.swift in Sources */ = {isa = PBXBuildFile; fileRef = 18B5A8652AA1E77F0071BC48 /* AddToCartViewModel.swift */; };
		18B5A8692AA1F4EF0071BC48 /* MyCartTableViewCell.swift in Sources */ = {isa = PBXBuildFile; fileRef = 18B5A8672AA1F4EF0071BC48 /* MyCartTableViewCell.swift */; };
		18B5A86A2AA1F4EF0071BC48 /* MyCartTableViewCell.xib in Resources */ = {isa = PBXBuildFile; fileRef = 18B5A8682AA1F4EF0071BC48 /* MyCartTableViewCell.xib */; };
		18B5A86C2AA1F8630071BC48 /* CartListModel.swift in Sources */ = {isa = PBXBuildFile; fileRef = 18B5A86B2AA1F8630071BC48 /* CartListModel.swift */; };
		18B5A86E2AA1F96D0071BC48 /* CartListViewModel.swift in Sources */ = {isa = PBXBuildFile; fileRef = 18B5A86D2AA1F96D0071BC48 /* CartListViewModel.swift */; };
		18F46E252A9F65C20092CEA2 /* AppDelegate.swift in Sources */ = {isa = PBXBuildFile; fileRef = 18F46E242A9F65C20092CEA2 /* AppDelegate.swift */; };
		18F46E2E2A9F65C40092CEA2 /* Assets.xcassets in Resources */ = {isa = PBXBuildFile; fileRef = 18F46E2D2A9F65C40092CEA2 /* Assets.xcassets */; };
		18F46E782A9F68690092CEA2 /* SideMenuViewModel.swift in Sources */ = {isa = PBXBuildFile; fileRef = 18F46E3A2A9F68670092CEA2 /* SideMenuViewModel.swift */; };
		18F46E792A9F68690092CEA2 /* LaunchScreen.storyboard in Resources */ = {isa = PBXBuildFile; fileRef = 18F46E3C2A9F68670092CEA2 /* LaunchScreen.storyboard */; };
		18F46E7A2A9F68690092CEA2 /* Main.storyboard in Resources */ = {isa = PBXBuildFile; fileRef = 18F46E3E2A9F68670092CEA2 /* Main.storyboard */; };
		18F46E7B2A9F68690092CEA2 /* SideMenuModel.swift in Sources */ = {isa = PBXBuildFile; fileRef = 18F46E412A9F68670092CEA2 /* SideMenuModel.swift */; };
		18F46E7C2A9F68690092CEA2 /* HomeCollectionViewCell.swift in Sources */ = {isa = PBXBuildFile; fileRef = 18F46E432A9F68670092CEA2 /* HomeCollectionViewCell.swift */; };
		18F46E7D2A9F68690092CEA2 /* SideMenuTableViewCell.swift in Sources */ = {isa = PBXBuildFile; fileRef = 18F46E452A9F68670092CEA2 /* SideMenuTableViewCell.swift */; };
		18F46E7E2A9F68690092CEA2 /* SideMenuViewController.swift in Sources */ = {isa = PBXBuildFile; fileRef = 18F46E462A9F68670092CEA2 /* SideMenuViewController.swift */; };
		18F46E802A9F68690092CEA2 /* HomeViewController.swift in Sources */ = {isa = PBXBuildFile; fileRef = 18F46E482A9F68670092CEA2 /* HomeViewController.swift */; };
		18F46E812A9F68690092CEA2 /* SideMenuTableViewCell.xib in Resources */ = {isa = PBXBuildFile; fileRef = 18F46E492A9F68670092CEA2 /* SideMenuTableViewCell.xib */; };
		18F46E822A9F68690092CEA2 /* ImageSliderCollectionViewCell.swift in Sources */ = {isa = PBXBuildFile; fileRef = 18F46E4A2A9F68670092CEA2 /* ImageSliderCollectionViewCell.swift */; };
		18F46E852A9F68690092CEA2 /* UIViewController+Extension.swift in Sources */ = {isa = PBXBuildFile; fileRef = 18F46E4F2A9F68680092CEA2 /* UIViewController+Extension.swift */; };
		18F46E862A9F68690092CEA2 /* ProductDetailViewModel.swift in Sources */ = {isa = PBXBuildFile; fileRef = 18F46E522A9F68680092CEA2 /* ProductDetailViewModel.swift */; };
		18F46E872A9F68690092CEA2 /* ProductViewModel.swift in Sources */ = {isa = PBXBuildFile; fileRef = 18F46E532A9F68680092CEA2 /* ProductViewModel.swift */; };
		18F46E882A9F68690092CEA2 /* ProductListModel.swift in Sources */ = {isa = PBXBuildFile; fileRef = 18F46E552A9F68680092CEA2 /* ProductListModel.swift */; };
		18F46E892A9F68690092CEA2 /* ProductDetailModel.swift in Sources */ = {isa = PBXBuildFile; fileRef = 18F46E562A9F68680092CEA2 /* ProductDetailModel.swift */; };
		18F46E8A2A9F68690092CEA2 /* ProductDetailViewController.swift in Sources */ = {isa = PBXBuildFile; fileRef = 18F46E582A9F68680092CEA2 /* ProductDetailViewController.swift */; };
		18F46E8B2A9F68690092CEA2 /* ProductViewController.swift in Sources */ = {isa = PBXBuildFile; fileRef = 18F46E592A9F68680092CEA2 /* ProductViewController.swift */; };
		18F46E8C2A9F68690092CEA2 /* ProductDetailsCollectionViewCell.swift in Sources */ = {isa = PBXBuildFile; fileRef = 18F46E5A2A9F68680092CEA2 /* ProductDetailsCollectionViewCell.swift */; };
		18F46E8D2A9F68690092CEA2 /* ProductDetailsCollectionViewCell.xib in Resources */ = {isa = PBXBuildFile; fileRef = 18F46E5B2A9F68680092CEA2 /* ProductDetailsCollectionViewCell.xib */; };
		18F46E8E2A9F68690092CEA2 /* ProductTableViewCell.swift in Sources */ = {isa = PBXBuildFile; fileRef = 18F46E5C2A9F68680092CEA2 /* ProductTableViewCell.swift */; };
		18F46E8F2A9F68690092CEA2 /* Constant.swift in Sources */ = {isa = PBXBuildFile; fileRef = 18F46E5E2A9F68680092CEA2 /* Constant.swift */; };
		18F46E912A9F68690092CEA2 /* ViewDesign.swift in Sources */ = {isa = PBXBuildFile; fileRef = 18F46E602A9F68680092CEA2 /* ViewDesign.swift */; };
		18F46E922A9F68690092CEA2 /* apiFetching.swift in Sources */ = {isa = PBXBuildFile; fileRef = 18F46E612A9F68680092CEA2 /* apiFetching.swift */; };
		18F46E932A9F68690092CEA2 /* NaviagtionBar.swift in Sources */ = {isa = PBXBuildFile; fileRef = 18F46E622A9F68680092CEA2 /* NaviagtionBar.swift */; };
		18F46E942A9F68690092CEA2 /* LoginViewModel.swift in Sources */ = {isa = PBXBuildFile; fileRef = 18F46E662A9F68680092CEA2 /* LoginViewModel.swift */; };
		18F46E952A9F68690092CEA2 /* RegisterViewModel.swift in Sources */ = {isa = PBXBuildFile; fileRef = 18F46E672A9F68680092CEA2 /* RegisterViewModel.swift */; };
		18F46E962A9F68690092CEA2 /* LoginCred.swift in Sources */ = {isa = PBXBuildFile; fileRef = 18F46E692A9F68680092CEA2 /* LoginCred.swift */; };
		18F46E972A9F68690092CEA2 /* RegisterResponse.swift in Sources */ = {isa = PBXBuildFile; fileRef = 18F46E6A2A9F68680092CEA2 /* RegisterResponse.swift */; };
		18F46E982A9F68690092CEA2 /* User.swift in Sources */ = {isa = PBXBuildFile; fileRef = 18F46E6B2A9F68680092CEA2 /* User.swift */; };
		18F46E992A9F68690092CEA2 /* UserData.swift in Sources */ = {isa = PBXBuildFile; fileRef = 18F46E6C2A9F68680092CEA2 /* UserData.swift */; };
		18F46E9A2A9F68690092CEA2 /* LoginResponse.swift in Sources */ = {isa = PBXBuildFile; fileRef = 18F46E6D2A9F68680092CEA2 /* LoginResponse.swift */; };
		18F46E9C2A9F68690092CEA2 /* Home.storyboard in Resources */ = {isa = PBXBuildFile; fileRef = 18F46E712A9F68680092CEA2 /* Home.storyboard */; };
		18F46E9D2A9F68690092CEA2 /* ForgotPasswordViewController.swift in Sources */ = {isa = PBXBuildFile; fileRef = 18F46E732A9F68680092CEA2 /* ForgotPasswordViewController.swift */; };
		18F46E9E2A9F68690092CEA2 /* LoginViewController.swift in Sources */ = {isa = PBXBuildFile; fileRef = 18F46E742A9F68680092CEA2 /* LoginViewController.swift */; };
		18F46E9F2A9F68690092CEA2 /* RegisterViewController.swift in Sources */ = {isa = PBXBuildFile; fileRef = 18F46E752A9F68680092CEA2 /* RegisterViewController.swift */; };
		18F46EA32A9F69B40092CEA2 /* GlobalInstance.swift in Sources */ = {isa = PBXBuildFile; fileRef = 18F46EA22A9F69B40092CEA2 /* GlobalInstance.swift */; };
		4AD35B002ACE989000B26932 /* UIStoryboard+Extension.swift in Sources */ = {isa = PBXBuildFile; fileRef = 4AD35AFF2ACE989000B26932 /* UIStoryboard+Extension.swift */; };
		4AD35B022ACE99A300B26932 /* HomeViewModel.swift in Sources */ = {isa = PBXBuildFile; fileRef = 4AD35B012ACE99A300B26932 /* HomeViewModel.swift */; };
		9202128D2AA8853400CBE082 /* AddAddressViewModel.swift in Sources */ = {isa = PBXBuildFile; fileRef = 9202128C2AA8853400CBE082 /* AddAddressViewModel.swift */; };
		920750762AB1BCF90020911C /* ForgotPasswordViewModel.swift in Sources */ = {isa = PBXBuildFile; fileRef = 920750752AB1BCF90020911C /* ForgotPasswordViewModel.swift */; };
		9207507D2AB1C8750020911C /* StoreLocator.storyboard in Resources */ = {isa = PBXBuildFile; fileRef = 9207507C2AB1C8750020911C /* StoreLocator.storyboard */; };
		9207507F2AB1C8880020911C /* StoreLocatorViewController.swift in Sources */ = {isa = PBXBuildFile; fileRef = 9207507E2AB1C8880020911C /* StoreLocatorViewController.swift */; };
		920C5C7E2AB0490D00D669ED /* OrderListModel.swift in Sources */ = {isa = PBXBuildFile; fileRef = 920C5C7D2AB0490D00D669ED /* OrderListModel.swift */; };
		920C5C802AB0499000D669ED /* OrderListViewModel.swift in Sources */ = {isa = PBXBuildFile; fileRef = 920C5C7F2AB0499000D669ED /* OrderListViewModel.swift */; };
		92619E9E2AB0787E0043390C /* OrderDetailModel.swift in Sources */ = {isa = PBXBuildFile; fileRef = 92619E9D2AB0787E0043390C /* OrderDetailModel.swift */; };
		92732C122AB1D964003F987C /* StoreLocatorTableViewCell.swift in Sources */ = {isa = PBXBuildFile; fileRef = 92732C102AB1D964003F987C /* StoreLocatorTableViewCell.swift */; };
		92732C132AB1D964003F987C /* StoreLocatorTableViewCell.xib in Resources */ = {isa = PBXBuildFile; fileRef = 92732C112AB1D964003F987C /* StoreLocatorTableViewCell.xib */; };
		9281FE942AA9D5410044194C /* SetRatingModel.swift in Sources */ = {isa = PBXBuildFile; fileRef = 9281FE932AA9D5410044194C /* SetRatingModel.swift */; };
		9281FE962AA9D61D0044194C /* SetRatingViewModel.swift in Sources */ = {isa = PBXBuildFile; fileRef = 9281FE952AA9D61D0044194C /* SetRatingViewModel.swift */; };
		9281FE982AA9E45A0044194C /* GetAccountDetailsModel.swift in Sources */ = {isa = PBXBuildFile; fileRef = 9281FE972AA9E45A0044194C /* GetAccountDetailsModel.swift */; };
		9281FE9A2AA9EF1B0044194C /* GetAccountDetailsViewModel.swift in Sources */ = {isa = PBXBuildFile; fileRef = 9281FE992AA9EF1B0044194C /* GetAccountDetailsViewModel.swift */; };
		928F0FA92AAAD81E00C4418B /* UpdateAccountViewModel.swift in Sources */ = {isa = PBXBuildFile; fileRef = 928F0FA82AAAD81E00C4418B /* UpdateAccountViewModel.swift */; };
		928F0FAC2AAB010100C4418B /* AddressData.xcdatamodeld in Sources */ = {isa = PBXBuildFile; fileRef = 928F0FAA2AAB010100C4418B /* AddressData.xcdatamodeld */; };
		928F100B2AAB3C6F00C4418B /* AddressEntity+CoreDataClass copy.swift in Sources */ = {isa = PBXBuildFile; fileRef = 928F10092AAB3C6F00C4418B /* AddressEntity+CoreDataClass copy.swift */; };
		928F100C2AAB3C6F00C4418B /* AddressEntity+CoreDataProperties copy.swift in Sources */ = {isa = PBXBuildFile; fileRef = 928F100A2AAB3C6F00C4418B /* AddressEntity+CoreDataProperties copy.swift */; };
		9293DD5B2AB02C5A00C3282C /* PlaceOrderModel.swift in Sources */ = {isa = PBXBuildFile; fileRef = 9293DD5A2AB02C5A00C3282C /* PlaceOrderModel.swift */; };
		9293DD612AB02D0D00C3282C /* PlaceOrderViewModel.swift in Sources */ = {isa = PBXBuildFile; fileRef = 9293DD602AB02D0D00C3282C /* PlaceOrderViewModel.swift */; };
		9293DD632AB0306200C3282C /* AddressFooterView.swift in Sources */ = {isa = PBXBuildFile; fileRef = 9293DD622AB0306200C3282C /* AddressFooterView.swift */; };
		9293DD652AB0308E00C3282C /* AddressFooterView.xib in Resources */ = {isa = PBXBuildFile; fileRef = 9293DD642AB0308E00C3282C /* AddressFooterView.xib */; };
		92AA6BB82AB17BF100AAEA20 /* OrderIdFooterView.swift in Sources */ = {isa = PBXBuildFile; fileRef = 92AA6BB72AB17BF100AAEA20 /* OrderIdFooterView.swift */; };
		92AA6BBA2AB17C5C00AAEA20 /* OrderIdFooterView.xib in Resources */ = {isa = PBXBuildFile; fileRef = 92AA6BB92AB17C5C00AAEA20 /* OrderIdFooterView.xib */; };
		92AA6BBC2AB18D1700AAEA20 /* ChangePasswordViewController.swift in Sources */ = {isa = PBXBuildFile; fileRef = 92AA6BBB2AB18D1700AAEA20 /* ChangePasswordViewController.swift */; };
		92AA6BBE2AB1920C00AAEA20 /* ChangePasswordModel.swift in Sources */ = {isa = PBXBuildFile; fileRef = 92AA6BBD2AB1920C00AAEA20 /* ChangePasswordModel.swift */; };
		92AA6BC02AB1923500AAEA20 /* ChangePasswordViewModel.swift in Sources */ = {isa = PBXBuildFile; fileRef = 92AA6BBF2AB1923500AAEA20 /* ChangePasswordViewModel.swift */; };
		92BA92232AAEE93800B32BCE /* AddressModel.swift in Sources */ = {isa = PBXBuildFile; fileRef = 92BA92222AAEE93800B32BCE /* AddressModel.swift */; };
		92E3F4C92AB097380096EFA1 /* OrderDetailViewModel.swift in Sources */ = {isa = PBXBuildFile; fileRef = 92E3F4C82AB097380096EFA1 /* OrderDetailViewModel.swift */; };
		BCEEC89B733E0EF647F464A7 /* Pods_Demo.framework in Frameworks */ = {isa = PBXBuildFile; fileRef = AA0566C61A8319D6E8796CB9 /* Pods_Demo.framework */; };
/* End PBXBuildFile section */

/* Begin PBXFileReference section */
		180420A92AA346350046EDD8 /* AddAddressViewController.swift */ = {isa = PBXFileReference; lastKnownFileType = sourcecode.swift; path = AddAddressViewController.swift; sourceTree = "<group>"; };
		180420AB2AA353870046EDD8 /* AddressListViewController.swift */ = {isa = PBXFileReference; lastKnownFileType = sourcecode.swift; path = AddressListViewController.swift; sourceTree = "<group>"; };
		180420AD2AA353B50046EDD8 /* AddressListTableViewCell.swift */ = {isa = PBXFileReference; lastKnownFileType = sourcecode.swift; path = AddressListTableViewCell.swift; sourceTree = "<group>"; };
		180420AE2AA353B50046EDD8 /* AddressListTableViewCell.xib */ = {isa = PBXFileReference; lastKnownFileType = file.xib; path = AddressListTableViewCell.xib; sourceTree = "<group>"; };
		180420B12AA3574A0046EDD8 /* RatingViewController.swift */ = {isa = PBXFileReference; lastKnownFileType = sourcecode.swift; path = RatingViewController.swift; sourceTree = "<group>"; };
		180420B22AA3574A0046EDD8 /* RatingViewController.xib */ = {isa = PBXFileReference; lastKnownFileType = file.xib; path = RatingViewController.xib; sourceTree = "<group>"; };
		1839AD812ACECB26000D5F59 /* UIImageView+Extension.swift */ = {isa = PBXFileReference; lastKnownFileType = sourcecode.swift; path = "UIImageView+Extension.swift"; sourceTree = "<group>"; };
		183CA08E2AA736B900722B26 /* CustomFooterView.swift */ = {isa = PBXFileReference; lastKnownFileType = sourcecode.swift; path = CustomFooterView.swift; sourceTree = "<group>"; };
		183CA0902AA736CB00722B26 /* CustomFooterView.xib */ = {isa = PBXFileReference; lastKnownFileType = file.xib; path = CustomFooterView.xib; sourceTree = "<group>"; };
		183CA0922AA7501D00722B26 /* Address.storyboard */ = {isa = PBXFileReference; lastKnownFileType = file.storyboard; path = Address.storyboard; sourceTree = "<group>"; };
		1884FAA62AA5FC8A0020DFB3 /* Orders.storyboard */ = {isa = PBXFileReference; lastKnownFileType = file.storyboard; path = Orders.storyboard; sourceTree = "<group>"; };
		1884FAA82AA5FCB80020DFB3 /* MyOrdersViewController.swift */ = {isa = PBXFileReference; lastKnownFileType = sourcecode.swift; path = MyOrdersViewController.swift; sourceTree = "<group>"; };
		1884FAAA2AA5FD510020DFB3 /* MyOrdersTableViewCell.swift */ = {isa = PBXFileReference; lastKnownFileType = sourcecode.swift; path = MyOrdersTableViewCell.swift; sourceTree = "<group>"; };
		1884FAAB2AA5FD510020DFB3 /* MyOrdersTableViewCell.xib */ = {isa = PBXFileReference; lastKnownFileType = file.xib; path = MyOrdersTableViewCell.xib; sourceTree = "<group>"; };
		1884FAAE2AA600220020DFB3 /* OrderIdViewController.swift */ = {isa = PBXFileReference; lastKnownFileType = sourcecode.swift; path = OrderIdViewController.swift; sourceTree = "<group>"; };
		1884FAB02AA600DC0020DFB3 /* OrderIdTableViewCell.swift */ = {isa = PBXFileReference; lastKnownFileType = sourcecode.swift; path = OrderIdTableViewCell.swift; sourceTree = "<group>"; };
		1884FAB12AA600DC0020DFB3 /* OrderIdTableViewCell.xib */ = {isa = PBXFileReference; lastKnownFileType = file.xib; path = OrderIdTableViewCell.xib; sourceTree = "<group>"; };
		18904AE92AA6EDB0002F8305 /* Account.storyboard */ = {isa = PBXFileReference; lastKnownFileType = file.storyboard; path = Account.storyboard; sourceTree = "<group>"; };
		18904AEB2AA6EDEF002F8305 /* MyAccountViewController.swift */ = {isa = PBXFileReference; lastKnownFileType = sourcecode.swift; path = MyAccountViewController.swift; sourceTree = "<group>"; };
		18904AED2AA6EE17002F8305 /* EditProfileViewController.swift */ = {isa = PBXFileReference; lastKnownFileType = sourcecode.swift; path = EditProfileViewController.swift; sourceTree = "<group>"; };
		18904AEF2AA70844002F8305 /* EditCartViewModel.swift */ = {isa = PBXFileReference; lastKnownFileType = sourcecode.swift; path = EditCartViewModel.swift; sourceTree = "<group>"; };
		18904AF12AA70859002F8305 /* EditDeleteCartModel.swift */ = {isa = PBXFileReference; lastKnownFileType = sourcecode.swift; path = EditDeleteCartModel.swift; sourceTree = "<group>"; };
		18904AF32AA726EC002F8305 /* DeleteCartViewModel.swift */ = {isa = PBXFileReference; lastKnownFileType = sourcecode.swift; path = DeleteCartViewModel.swift; sourceTree = "<group>"; };
		18B0CF072AA05D1200361E85 /* CartManager.swift */ = {isa = PBXFileReference; lastKnownFileType = sourcecode.swift; path = CartManager.swift; sourceTree = "<group>"; };
		18B0CF092AA0701600361E85 /* QuantityPopUpViewController.swift */ = {isa = PBXFileReference; lastKnownFileType = sourcecode.swift; path = QuantityPopUpViewController.swift; sourceTree = "<group>"; };
		18B0CF0A2AA0701600361E85 /* QuantityPopUpViewController.xib */ = {isa = PBXFileReference; lastKnownFileType = file.xib; path = QuantityPopUpViewController.xib; sourceTree = "<group>"; };
		18B5A8612AA1B23E0071BC48 /* MyCartViewController.swift */ = {isa = PBXFileReference; lastKnownFileType = sourcecode.swift; path = MyCartViewController.swift; sourceTree = "<group>"; };
		18B5A8632AA1E7370071BC48 /* AddToCartModel.swift */ = {isa = PBXFileReference; lastKnownFileType = sourcecode.swift; path = AddToCartModel.swift; sourceTree = "<group>"; };
		18B5A8652AA1E77F0071BC48 /* AddToCartViewModel.swift */ = {isa = PBXFileReference; lastKnownFileType = sourcecode.swift; path = AddToCartViewModel.swift; sourceTree = "<group>"; };
		18B5A8672AA1F4EF0071BC48 /* MyCartTableViewCell.swift */ = {isa = PBXFileReference; lastKnownFileType = sourcecode.swift; path = MyCartTableViewCell.swift; sourceTree = "<group>"; };
		18B5A8682AA1F4EF0071BC48 /* MyCartTableViewCell.xib */ = {isa = PBXFileReference; lastKnownFileType = file.xib; path = MyCartTableViewCell.xib; sourceTree = "<group>"; };
		18B5A86B2AA1F8630071BC48 /* CartListModel.swift */ = {isa = PBXFileReference; lastKnownFileType = sourcecode.swift; path = CartListModel.swift; sourceTree = "<group>"; };
		18B5A86D2AA1F96D0071BC48 /* CartListViewModel.swift */ = {isa = PBXFileReference; lastKnownFileType = sourcecode.swift; path = CartListViewModel.swift; sourceTree = "<group>"; };
		18F46E212A9F65C20092CEA2 /* Demo.app */ = {isa = PBXFileReference; explicitFileType = wrapper.application; includeInIndex = 0; path = Demo.app; sourceTree = BUILT_PRODUCTS_DIR; };
		18F46E242A9F65C20092CEA2 /* AppDelegate.swift */ = {isa = PBXFileReference; lastKnownFileType = sourcecode.swift; path = AppDelegate.swift; sourceTree = "<group>"; };
		18F46E2D2A9F65C40092CEA2 /* Assets.xcassets */ = {isa = PBXFileReference; lastKnownFileType = folder.assetcatalog; path = Assets.xcassets; sourceTree = "<group>"; };
		18F46E322A9F65C40092CEA2 /* Info.plist */ = {isa = PBXFileReference; lastKnownFileType = text.plist.xml; path = Info.plist; sourceTree = "<group>"; };
		18F46E3A2A9F68670092CEA2 /* SideMenuViewModel.swift */ = {isa = PBXFileReference; fileEncoding = 4; lastKnownFileType = sourcecode.swift; path = SideMenuViewModel.swift; sourceTree = "<group>"; };
		18F46E3D2A9F68670092CEA2 /* Base */ = {isa = PBXFileReference; lastKnownFileType = file.storyboard; name = Base; path = Base.lproj/LaunchScreen.storyboard; sourceTree = "<group>"; };
		18F46E3F2A9F68670092CEA2 /* Base */ = {isa = PBXFileReference; lastKnownFileType = file.storyboard; name = Base; path = Base.lproj/Main.storyboard; sourceTree = "<group>"; };
		18F46E412A9F68670092CEA2 /* SideMenuModel.swift */ = {isa = PBXFileReference; fileEncoding = 4; lastKnownFileType = sourcecode.swift; path = SideMenuModel.swift; sourceTree = "<group>"; };
		18F46E432A9F68670092CEA2 /* HomeCollectionViewCell.swift */ = {isa = PBXFileReference; fileEncoding = 4; lastKnownFileType = sourcecode.swift; path = HomeCollectionViewCell.swift; sourceTree = "<group>"; };
		18F46E452A9F68670092CEA2 /* SideMenuTableViewCell.swift */ = {isa = PBXFileReference; fileEncoding = 4; lastKnownFileType = sourcecode.swift; path = SideMenuTableViewCell.swift; sourceTree = "<group>"; };
		18F46E462A9F68670092CEA2 /* SideMenuViewController.swift */ = {isa = PBXFileReference; fileEncoding = 4; lastKnownFileType = sourcecode.swift; path = SideMenuViewController.swift; sourceTree = "<group>"; };
		18F46E482A9F68670092CEA2 /* HomeViewController.swift */ = {isa = PBXFileReference; fileEncoding = 4; lastKnownFileType = sourcecode.swift; path = HomeViewController.swift; sourceTree = "<group>"; };
		18F46E492A9F68670092CEA2 /* SideMenuTableViewCell.xib */ = {isa = PBXFileReference; fileEncoding = 4; lastKnownFileType = file.xib; path = SideMenuTableViewCell.xib; sourceTree = "<group>"; };
		18F46E4A2A9F68670092CEA2 /* ImageSliderCollectionViewCell.swift */ = {isa = PBXFileReference; fileEncoding = 4; lastKnownFileType = sourcecode.swift; path = ImageSliderCollectionViewCell.swift; sourceTree = "<group>"; };
		18F46E4F2A9F68680092CEA2 /* UIViewController+Extension.swift */ = {isa = PBXFileReference; fileEncoding = 4; lastKnownFileType = sourcecode.swift; path = "UIViewController+Extension.swift"; sourceTree = "<group>"; };
		18F46E522A9F68680092CEA2 /* ProductDetailViewModel.swift */ = {isa = PBXFileReference; fileEncoding = 4; lastKnownFileType = sourcecode.swift; path = ProductDetailViewModel.swift; sourceTree = "<group>"; };
		18F46E532A9F68680092CEA2 /* ProductViewModel.swift */ = {isa = PBXFileReference; fileEncoding = 4; lastKnownFileType = sourcecode.swift; path = ProductViewModel.swift; sourceTree = "<group>"; };
		18F46E552A9F68680092CEA2 /* ProductListModel.swift */ = {isa = PBXFileReference; fileEncoding = 4; lastKnownFileType = sourcecode.swift; path = ProductListModel.swift; sourceTree = "<group>"; };
		18F46E562A9F68680092CEA2 /* ProductDetailModel.swift */ = {isa = PBXFileReference; fileEncoding = 4; lastKnownFileType = sourcecode.swift; path = ProductDetailModel.swift; sourceTree = "<group>"; };
		18F46E582A9F68680092CEA2 /* ProductDetailViewController.swift */ = {isa = PBXFileReference; fileEncoding = 4; lastKnownFileType = sourcecode.swift; path = ProductDetailViewController.swift; sourceTree = "<group>"; };
		18F46E592A9F68680092CEA2 /* ProductViewController.swift */ = {isa = PBXFileReference; fileEncoding = 4; lastKnownFileType = sourcecode.swift; path = ProductViewController.swift; sourceTree = "<group>"; };
		18F46E5A2A9F68680092CEA2 /* ProductDetailsCollectionViewCell.swift */ = {isa = PBXFileReference; fileEncoding = 4; lastKnownFileType = sourcecode.swift; path = ProductDetailsCollectionViewCell.swift; sourceTree = "<group>"; };
		18F46E5B2A9F68680092CEA2 /* ProductDetailsCollectionViewCell.xib */ = {isa = PBXFileReference; fileEncoding = 4; lastKnownFileType = file.xib; path = ProductDetailsCollectionViewCell.xib; sourceTree = "<group>"; };
		18F46E5C2A9F68680092CEA2 /* ProductTableViewCell.swift */ = {isa = PBXFileReference; fileEncoding = 4; lastKnownFileType = sourcecode.swift; path = ProductTableViewCell.swift; sourceTree = "<group>"; };
		18F46E5E2A9F68680092CEA2 /* Constant.swift */ = {isa = PBXFileReference; fileEncoding = 4; lastKnownFileType = sourcecode.swift; path = Constant.swift; sourceTree = "<group>"; };
		18F46E602A9F68680092CEA2 /* ViewDesign.swift */ = {isa = PBXFileReference; fileEncoding = 4; lastKnownFileType = sourcecode.swift; path = ViewDesign.swift; sourceTree = "<group>"; };
		18F46E612A9F68680092CEA2 /* apiFetching.swift */ = {isa = PBXFileReference; fileEncoding = 4; lastKnownFileType = sourcecode.swift; path = apiFetching.swift; sourceTree = "<group>"; };
		18F46E622A9F68680092CEA2 /* NaviagtionBar.swift */ = {isa = PBXFileReference; fileEncoding = 4; lastKnownFileType = sourcecode.swift; path = NaviagtionBar.swift; sourceTree = "<group>"; };
		18F46E662A9F68680092CEA2 /* LoginViewModel.swift */ = {isa = PBXFileReference; fileEncoding = 4; lastKnownFileType = sourcecode.swift; path = LoginViewModel.swift; sourceTree = "<group>"; };
		18F46E672A9F68680092CEA2 /* RegisterViewModel.swift */ = {isa = PBXFileReference; fileEncoding = 4; lastKnownFileType = sourcecode.swift; path = RegisterViewModel.swift; sourceTree = "<group>"; };
		18F46E692A9F68680092CEA2 /* LoginCred.swift */ = {isa = PBXFileReference; fileEncoding = 4; lastKnownFileType = sourcecode.swift; path = LoginCred.swift; sourceTree = "<group>"; };
		18F46E6A2A9F68680092CEA2 /* RegisterResponse.swift */ = {isa = PBXFileReference; fileEncoding = 4; lastKnownFileType = sourcecode.swift; path = RegisterResponse.swift; sourceTree = "<group>"; };
		18F46E6B2A9F68680092CEA2 /* User.swift */ = {isa = PBXFileReference; fileEncoding = 4; lastKnownFileType = sourcecode.swift; path = User.swift; sourceTree = "<group>"; };
		18F46E6C2A9F68680092CEA2 /* UserData.swift */ = {isa = PBXFileReference; fileEncoding = 4; lastKnownFileType = sourcecode.swift; path = UserData.swift; sourceTree = "<group>"; };
		18F46E6D2A9F68680092CEA2 /* LoginResponse.swift */ = {isa = PBXFileReference; fileEncoding = 4; lastKnownFileType = sourcecode.swift; path = LoginResponse.swift; sourceTree = "<group>"; };
		18F46E712A9F68680092CEA2 /* Home.storyboard */ = {isa = PBXFileReference; fileEncoding = 4; lastKnownFileType = file.storyboard; path = Home.storyboard; sourceTree = "<group>"; };
		18F46E732A9F68680092CEA2 /* ForgotPasswordViewController.swift */ = {isa = PBXFileReference; fileEncoding = 4; lastKnownFileType = sourcecode.swift; path = ForgotPasswordViewController.swift; sourceTree = "<group>"; };
		18F46E742A9F68680092CEA2 /* LoginViewController.swift */ = {isa = PBXFileReference; fileEncoding = 4; lastKnownFileType = sourcecode.swift; path = LoginViewController.swift; sourceTree = "<group>"; };
		18F46E752A9F68680092CEA2 /* RegisterViewController.swift */ = {isa = PBXFileReference; fileEncoding = 4; lastKnownFileType = sourcecode.swift; path = RegisterViewController.swift; sourceTree = "<group>"; };
		18F46EA22A9F69B40092CEA2 /* GlobalInstance.swift */ = {isa = PBXFileReference; fileEncoding = 4; lastKnownFileType = sourcecode.swift; path = GlobalInstance.swift; sourceTree = "<group>"; };
		23DEDBC3E4845CC3EDB81664 /* Pods-Demo.release.xcconfig */ = {isa = PBXFileReference; includeInIndex = 1; lastKnownFileType = text.xcconfig; name = "Pods-Demo.release.xcconfig"; path = "Target Support Files/Pods-Demo/Pods-Demo.release.xcconfig"; sourceTree = "<group>"; };
		4AD35AFF2ACE989000B26932 /* UIStoryboard+Extension.swift */ = {isa = PBXFileReference; lastKnownFileType = sourcecode.swift; path = "UIStoryboard+Extension.swift"; sourceTree = "<group>"; };
		4AD35B012ACE99A300B26932 /* HomeViewModel.swift */ = {isa = PBXFileReference; lastKnownFileType = sourcecode.swift; path = HomeViewModel.swift; sourceTree = "<group>"; };
		9202128C2AA8853400CBE082 /* AddAddressViewModel.swift */ = {isa = PBXFileReference; lastKnownFileType = sourcecode.swift; path = AddAddressViewModel.swift; sourceTree = "<group>"; };
		920750752AB1BCF90020911C /* ForgotPasswordViewModel.swift */ = {isa = PBXFileReference; lastKnownFileType = sourcecode.swift; path = ForgotPasswordViewModel.swift; sourceTree = "<group>"; };
		9207507C2AB1C8750020911C /* StoreLocator.storyboard */ = {isa = PBXFileReference; lastKnownFileType = file.storyboard; path = StoreLocator.storyboard; sourceTree = "<group>"; };
		9207507E2AB1C8880020911C /* StoreLocatorViewController.swift */ = {isa = PBXFileReference; lastKnownFileType = sourcecode.swift; path = StoreLocatorViewController.swift; sourceTree = "<group>"; };
		920C5C7D2AB0490D00D669ED /* OrderListModel.swift */ = {isa = PBXFileReference; lastKnownFileType = sourcecode.swift; path = OrderListModel.swift; sourceTree = "<group>"; };
		920C5C7F2AB0499000D669ED /* OrderListViewModel.swift */ = {isa = PBXFileReference; lastKnownFileType = sourcecode.swift; path = OrderListViewModel.swift; sourceTree = "<group>"; };
		92619E9D2AB0787E0043390C /* OrderDetailModel.swift */ = {isa = PBXFileReference; lastKnownFileType = sourcecode.swift; path = OrderDetailModel.swift; sourceTree = "<group>"; };
		92732C102AB1D964003F987C /* StoreLocatorTableViewCell.swift */ = {isa = PBXFileReference; lastKnownFileType = sourcecode.swift; path = StoreLocatorTableViewCell.swift; sourceTree = "<group>"; };
		92732C112AB1D964003F987C /* StoreLocatorTableViewCell.xib */ = {isa = PBXFileReference; lastKnownFileType = file.xib; path = StoreLocatorTableViewCell.xib; sourceTree = "<group>"; };
		9281FE932AA9D5410044194C /* SetRatingModel.swift */ = {isa = PBXFileReference; lastKnownFileType = sourcecode.swift; path = SetRatingModel.swift; sourceTree = "<group>"; };
		9281FE952AA9D61D0044194C /* SetRatingViewModel.swift */ = {isa = PBXFileReference; lastKnownFileType = sourcecode.swift; path = SetRatingViewModel.swift; sourceTree = "<group>"; };
		9281FE972AA9E45A0044194C /* GetAccountDetailsModel.swift */ = {isa = PBXFileReference; lastKnownFileType = sourcecode.swift; path = GetAccountDetailsModel.swift; sourceTree = "<group>"; };
		9281FE992AA9EF1B0044194C /* GetAccountDetailsViewModel.swift */ = {isa = PBXFileReference; lastKnownFileType = sourcecode.swift; path = GetAccountDetailsViewModel.swift; sourceTree = "<group>"; };
		928F0FA82AAAD81E00C4418B /* UpdateAccountViewModel.swift */ = {isa = PBXFileReference; lastKnownFileType = sourcecode.swift; path = UpdateAccountViewModel.swift; sourceTree = "<group>"; };
		928F0FAB2AAB010100C4418B /* AddressData.xcdatamodel */ = {isa = PBXFileReference; lastKnownFileType = wrapper.xcdatamodel; path = AddressData.xcdatamodel; sourceTree = "<group>"; };
		928F10092AAB3C6F00C4418B /* AddressEntity+CoreDataClass copy.swift */ = {isa = PBXFileReference; fileEncoding = 4; lastKnownFileType = sourcecode.swift; path = "AddressEntity+CoreDataClass copy.swift"; sourceTree = "<group>"; };
		928F100A2AAB3C6F00C4418B /* AddressEntity+CoreDataProperties copy.swift */ = {isa = PBXFileReference; fileEncoding = 4; lastKnownFileType = sourcecode.swift; path = "AddressEntity+CoreDataProperties copy.swift"; sourceTree = "<group>"; };
		9293DD5A2AB02C5A00C3282C /* PlaceOrderModel.swift */ = {isa = PBXFileReference; lastKnownFileType = sourcecode.swift; path = PlaceOrderModel.swift; sourceTree = "<group>"; };
		9293DD602AB02D0D00C3282C /* PlaceOrderViewModel.swift */ = {isa = PBXFileReference; lastKnownFileType = sourcecode.swift; path = PlaceOrderViewModel.swift; sourceTree = "<group>"; };
		9293DD622AB0306200C3282C /* AddressFooterView.swift */ = {isa = PBXFileReference; lastKnownFileType = sourcecode.swift; path = AddressFooterView.swift; sourceTree = "<group>"; };
		9293DD642AB0308E00C3282C /* AddressFooterView.xib */ = {isa = PBXFileReference; lastKnownFileType = file.xib; path = AddressFooterView.xib; sourceTree = "<group>"; };
		92AA6BB72AB17BF100AAEA20 /* OrderIdFooterView.swift */ = {isa = PBXFileReference; lastKnownFileType = sourcecode.swift; path = OrderIdFooterView.swift; sourceTree = "<group>"; };
		92AA6BB92AB17C5C00AAEA20 /* OrderIdFooterView.xib */ = {isa = PBXFileReference; lastKnownFileType = file.xib; path = OrderIdFooterView.xib; sourceTree = "<group>"; };
		92AA6BBB2AB18D1700AAEA20 /* ChangePasswordViewController.swift */ = {isa = PBXFileReference; lastKnownFileType = sourcecode.swift; path = ChangePasswordViewController.swift; sourceTree = "<group>"; };
		92AA6BBD2AB1920C00AAEA20 /* ChangePasswordModel.swift */ = {isa = PBXFileReference; lastKnownFileType = sourcecode.swift; path = ChangePasswordModel.swift; sourceTree = "<group>"; };
		92AA6BBF2AB1923500AAEA20 /* ChangePasswordViewModel.swift */ = {isa = PBXFileReference; lastKnownFileType = sourcecode.swift; path = ChangePasswordViewModel.swift; sourceTree = "<group>"; };
		92BA92222AAEE93800B32BCE /* AddressModel.swift */ = {isa = PBXFileReference; lastKnownFileType = sourcecode.swift; path = AddressModel.swift; sourceTree = "<group>"; };
		92E3F4C82AB097380096EFA1 /* OrderDetailViewModel.swift */ = {isa = PBXFileReference; lastKnownFileType = sourcecode.swift; path = OrderDetailViewModel.swift; sourceTree = "<group>"; };
		AA0566C61A8319D6E8796CB9 /* Pods_Demo.framework */ = {isa = PBXFileReference; explicitFileType = wrapper.framework; includeInIndex = 0; path = Pods_Demo.framework; sourceTree = BUILT_PRODUCTS_DIR; };
		C068B9D7E11991A84764BBAD /* Pods-Demo.debug.xcconfig */ = {isa = PBXFileReference; includeInIndex = 1; lastKnownFileType = text.xcconfig; name = "Pods-Demo.debug.xcconfig"; path = "Target Support Files/Pods-Demo/Pods-Demo.debug.xcconfig"; sourceTree = "<group>"; };
/* End PBXFileReference section */

/* Begin PBXFrameworksBuildPhase section */
		18F46E1E2A9F65C20092CEA2 /* Frameworks */ = {
			isa = PBXFrameworksBuildPhase;
			buildActionMask = 2147483647;
			files = (
				BCEEC89B733E0EF647F464A7 /* Pods_Demo.framework in Frameworks */,
			);
			runOnlyForDeploymentPostprocessing = 0;
		};
/* End PBXFrameworksBuildPhase section */

/* Begin PBXGroup section */
		180420A82AA346010046EDD8 /* Address */ = {
			isa = PBXGroup;
			children = (
				4AE586922ABB019D0030FD91 /* ViewModel */,
				4AE586912ABB01830030FD91 /* Storyboard */,
				4AE586902ABB01700030FD91 /* View */,
				4AE5868F2ABB01610030FD91 /* Model */,
				928F0FAA2AAB010100C4418B /* AddressData.xcdatamodeld */,
			);
			path = Address;
			sourceTree = "<group>";
		};
		1884FAA52AA5FC690020DFB3 /* Orders */ = {
			isa = PBXGroup;
			children = (
				9293DD5F2AB02CEA00C3282C /* ViewModel */,
				9293DD5E2AB02CAA00C3282C /* View */,
				9293DD5D2AB02C9900C3282C /* Storyboard */,
				9293DD5C2AB02C8E00C3282C /* Model */,
			);
			path = Orders;
			sourceTree = "<group>";
		};
		18904AE82AA6ED65002F8305 /* Account */ = {
			isa = PBXGroup;
			children = (
				4AE5869A2ABB02410030FD91 /* ViewModel */,
				4AE586992ABB02320030FD91 /* Model */,
				4AE586972ABB02040030FD91 /* View */,
			);
			path = Account;
			sourceTree = "<group>";
		};
		18B0CF042AA05A2D00361E85 /* View */ = {
			isa = PBXGroup;
			children = (
				4AE5868E2ABB013D0030FD91 /* Controller */,
			);
			path = View;
			sourceTree = "<group>";
		};
		18B0CF052AA05A3200361E85 /* Model */ = {
			isa = PBXGroup;
			children = (
				18B5A8632AA1E7370071BC48 /* AddToCartModel.swift */,
				18B5A86B2AA1F8630071BC48 /* CartListModel.swift */,
				18904AF12AA70859002F8305 /* EditDeleteCartModel.swift */,
			);
			path = Model;
			sourceTree = "<group>";
		};
		18B0CF062AA05A3C00361E85 /* ViewModel */ = {
			isa = PBXGroup;
			children = (
				18904AEF2AA70844002F8305 /* EditCartViewModel.swift */,
				18B0CF072AA05D1200361E85 /* CartManager.swift */,
				18B5A8652AA1E77F0071BC48 /* AddToCartViewModel.swift */,
				18B5A86D2AA1F96D0071BC48 /* CartListViewModel.swift */,
				18904AF32AA726EC002F8305 /* DeleteCartViewModel.swift */,
			);
			path = ViewModel;
			sourceTree = "<group>";
		};
		18F46E182A9F65C20092CEA2 = {
			isa = PBXGroup;
			children = (
				18F46E232A9F65C20092CEA2 /* Demo */,
				18F46E222A9F65C20092CEA2 /* Products */,
				DB0A9BF93E46024CA1A23C0D /* Pods */,
				B1E0515BA44211418B9C849A /* Frameworks */,
			);
			sourceTree = "<group>";
		};
		18F46E222A9F65C20092CEA2 /* Products */ = {
			isa = PBXGroup;
			children = (
				18F46E212A9F65C20092CEA2 /* Demo.app */,
			);
			name = Products;
			sourceTree = "<group>";
		};
		18F46E232A9F65C20092CEA2 /* Demo */ = {
			isa = PBXGroup;
			children = (
				928F0FAD2AAB018600C4418B /* CoreData */,
				18F46E4B2A9F68680092CEA2 /* Application */,
				18F46E5D2A9F68680092CEA2 /* Constant */,
				18904AE82AA6ED65002F8305 /* Account */,
				920750772AB1C7130020911C /* StoreLocator */,
				1884FAA52AA5FC690020DFB3 /* Orders */,
				180420A82AA346010046EDD8 /* Address */,
				18F46E632A9F68680092CEA2 /* Cart */,
				18F46EA12A9F69B40092CEA2 /* Utility */,
				18F46E4E2A9F68680092CEA2 /* Extensions */,
				18F46E382A9F68670092CEA2 /* Home */,
				18F46E642A9F68680092CEA2 /* LoginRegistration */,
				18F46E502A9F68680092CEA2 /* Product */,
				18F46E242A9F65C20092CEA2 /* AppDelegate.swift */,
				18F46E2D2A9F65C40092CEA2 /* Assets.xcassets */,
				18F46E322A9F65C40092CEA2 /* Info.plist */,
			);
			path = Demo;
			sourceTree = "<group>";
		};
		18F46E382A9F68670092CEA2 /* Home */ = {
			isa = PBXGroup;
			children = (
				18F46E702A9F68680092CEA2 /* Storyboard */,
				18F46E392A9F68670092CEA2 /* ViewModel */,
				18F46E402A9F68670092CEA2 /* Model */,
				18F46E422A9F68670092CEA2 /* View */,
			);
			path = Home;
			sourceTree = "<group>";
		};
		18F46E392A9F68670092CEA2 /* ViewModel */ = {
			isa = PBXGroup;
			children = (
				18F46E3A2A9F68670092CEA2 /* SideMenuViewModel.swift */,
				4AD35B012ACE99A300B26932 /* HomeViewModel.swift */,
			);
			path = ViewModel;
			sourceTree = "<group>";
		};
		18F46E3B2A9F68670092CEA2 /* Storyboard */ = {
			isa = PBXGroup;
			children = (
				18F46E3C2A9F68670092CEA2 /* LaunchScreen.storyboard */,
				18F46E3E2A9F68670092CEA2 /* Main.storyboard */,
			);
			path = Storyboard;
			sourceTree = "<group>";
		};
		18F46E402A9F68670092CEA2 /* Model */ = {
			isa = PBXGroup;
			children = (
				18F46E412A9F68670092CEA2 /* SideMenuModel.swift */,
			);
			path = Model;
			sourceTree = "<group>";
		};
		18F46E422A9F68670092CEA2 /* View */ = {
			isa = PBXGroup;
			children = (
				4AD35AFC2ACE967A00B26932 /* Cell */,
				18F46E442A9F68670092CEA2 /* Controller */,
			);
			path = View;
			sourceTree = "<group>";
		};
		18F46E442A9F68670092CEA2 /* Controller */ = {
			isa = PBXGroup;
			children = (
				4AD35AFB2ACE966600B26932 /* SideMenu */,
				4AD35AFA2ACE965A00B26932 /* Home */,
			);
			path = Controller;
			sourceTree = "<group>";
		};
		18F46E4B2A9F68680092CEA2 /* Application */ = {
			isa = PBXGroup;
			children = (
			);
			path = Application;
			sourceTree = "<group>";
		};
		18F46E4E2A9F68680092CEA2 /* Extensions */ = {
			isa = PBXGroup;
			children = (
				18F46E4F2A9F68680092CEA2 /* UIViewController+Extension.swift */,
				4AD35AFF2ACE989000B26932 /* UIStoryboard+Extension.swift */,
				1839AD812ACECB26000D5F59 /* UIImageView+Extension.swift */,
			);
			path = Extensions;
			sourceTree = "<group>";
		};
		18F46E502A9F68680092CEA2 /* Product */ = {
			isa = PBXGroup;
			children = (
				18F46E512A9F68680092CEA2 /* ViewModel */,
				18F46E542A9F68680092CEA2 /* Model */,
				18F46E572A9F68680092CEA2 /* View */,
			);
			path = Product;
			sourceTree = "<group>";
		};
		18F46E512A9F68680092CEA2 /* ViewModel */ = {
			isa = PBXGroup;
			children = (
				18F46E522A9F68680092CEA2 /* ProductDetailViewModel.swift */,
				18F46E532A9F68680092CEA2 /* ProductViewModel.swift */,
				9281FE952AA9D61D0044194C /* SetRatingViewModel.swift */,
			);
			path = ViewModel;
			sourceTree = "<group>";
		};
		18F46E542A9F68680092CEA2 /* Model */ = {
			isa = PBXGroup;
			children = (
				18F46E552A9F68680092CEA2 /* ProductListModel.swift */,
				18F46E562A9F68680092CEA2 /* ProductDetailModel.swift */,
				9281FE932AA9D5410044194C /* SetRatingModel.swift */,
			);
			path = Model;
			sourceTree = "<group>";
		};
		18F46E572A9F68680092CEA2 /* View */ = {
			isa = PBXGroup;
			children = (
				18F46E582A9F68680092CEA2 /* ProductDetailViewController.swift */,
				18F46E592A9F68680092CEA2 /* ProductViewController.swift */,
				18F46E5A2A9F68680092CEA2 /* ProductDetailsCollectionViewCell.swift */,
				18F46E5B2A9F68680092CEA2 /* ProductDetailsCollectionViewCell.xib */,
				18F46E5C2A9F68680092CEA2 /* ProductTableViewCell.swift */,
				18B0CF092AA0701600361E85 /* QuantityPopUpViewController.swift */,
				18B0CF0A2AA0701600361E85 /* QuantityPopUpViewController.xib */,
				180420B12AA3574A0046EDD8 /* RatingViewController.swift */,
				180420B22AA3574A0046EDD8 /* RatingViewController.xib */,
			);
			path = View;
			sourceTree = "<group>";
		};
		18F46E5D2A9F68680092CEA2 /* Constant */ = {
			isa = PBXGroup;
			children = (
				18F46E5E2A9F68680092CEA2 /* Constant.swift */,
				18F46E602A9F68680092CEA2 /* ViewDesign.swift */,
				18F46E612A9F68680092CEA2 /* apiFetching.swift */,
				18F46E622A9F68680092CEA2 /* NaviagtionBar.swift */,
			);
			path = Constant;
			sourceTree = "<group>";
		};
		18F46E632A9F68680092CEA2 /* Cart */ = {
			isa = PBXGroup;
			children = (
				18B0CF052AA05A3200361E85 /* Model */,
				18B0CF042AA05A2D00361E85 /* View */,
				18B0CF062AA05A3C00361E85 /* ViewModel */,
			);
			path = Cart;
			sourceTree = "<group>";
		};
		18F46E642A9F68680092CEA2 /* LoginRegistration */ = {
			isa = PBXGroup;
			children = (
				18F46E3B2A9F68670092CEA2 /* Storyboard */,
				18F46E652A9F68680092CEA2 /* ViewModel */,
				18F46E6F2A9F68680092CEA2 /* View */,
				18F46E682A9F68680092CEA2 /* Model */,
			);
			path = LoginRegistration;
			sourceTree = "<group>";
		};
		18F46E652A9F68680092CEA2 /* ViewModel */ = {
			isa = PBXGroup;
			children = (
				4AD35AF32ACE90EC00B26932 /* ForgotPassword */,
				4AD35AF22ACE90E100B26932 /* Register */,
				4AD35AF12ACE90D100B26932 /* Login */,
			);
			path = ViewModel;
			sourceTree = "<group>";
		};
		18F46E682A9F68680092CEA2 /* Model */ = {
			isa = PBXGroup;
			children = (
				4AD35AF62ACE925200B26932 /* User */,
				4AD35AF52ACE911A00B26932 /* Register */,
				4AD35AF42ACE910600B26932 /* Login */,
			);
			path = Model;
			sourceTree = "<group>";
		};
		18F46E6F2A9F68680092CEA2 /* View */ = {
			isa = PBXGroup;
			children = (
				18F46E722A9F68680092CEA2 /* Controller */,
			);
			path = View;
			sourceTree = "<group>";
		};
		18F46E702A9F68680092CEA2 /* Storyboard */ = {
			isa = PBXGroup;
			children = (
				18F46E712A9F68680092CEA2 /* Home.storyboard */,
			);
			path = Storyboard;
			sourceTree = "<group>";
		};
		18F46E722A9F68680092CEA2 /* Controller */ = {
			isa = PBXGroup;
			children = (
				4AD35AF92ACE92A900B26932 /* Register */,
				4AD35AF82ACE929A00B26932 /* ForgotPassword */,
				4AD35AF72ACE929100B26932 /* Login */,
			);
			path = Controller;
			sourceTree = "<group>";
		};
		18F46EA12A9F69B40092CEA2 /* Utility */ = {
			isa = PBXGroup;
			children = (
				18F46EA22A9F69B40092CEA2 /* GlobalInstance.swift */,
			);
			path = Utility;
			sourceTree = "<group>";
		};
		4AD35AF12ACE90D100B26932 /* Login */ = {
			isa = PBXGroup;
			children = (
				18F46E662A9F68680092CEA2 /* LoginViewModel.swift */,
			);
			path = Login;
			sourceTree = "<group>";
		};
		4AD35AF22ACE90E100B26932 /* Register */ = {
			isa = PBXGroup;
			children = (
				18F46E672A9F68680092CEA2 /* RegisterViewModel.swift */,
			);
			path = Register;
			sourceTree = "<group>";
		};
		4AD35AF32ACE90EC00B26932 /* ForgotPassword */ = {
			isa = PBXGroup;
			children = (
				920750752AB1BCF90020911C /* ForgotPasswordViewModel.swift */,
			);
			path = ForgotPassword;
			sourceTree = "<group>";
		};
		4AD35AF42ACE910600B26932 /* Login */ = {
			isa = PBXGroup;
			children = (
				18F46E692A9F68680092CEA2 /* LoginCred.swift */,
				18F46E6D2A9F68680092CEA2 /* LoginResponse.swift */,
			);
			path = Login;
			sourceTree = "<group>";
		};
		4AD35AF52ACE911A00B26932 /* Register */ = {
			isa = PBXGroup;
			children = (
				18F46E6A2A9F68680092CEA2 /* RegisterResponse.swift */,
			);
			path = Register;
			sourceTree = "<group>";
		};
		4AD35AF62ACE925200B26932 /* User */ = {
			isa = PBXGroup;
			children = (
				18F46E6B2A9F68680092CEA2 /* User.swift */,
				18F46E6C2A9F68680092CEA2 /* UserData.swift */,
			);
			path = User;
			sourceTree = "<group>";
		};
		4AD35AF72ACE929100B26932 /* Login */ = {
			isa = PBXGroup;
			children = (
				18F46E742A9F68680092CEA2 /* LoginViewController.swift */,
			);
			path = Login;
			sourceTree = "<group>";
		};
		4AD35AF82ACE929A00B26932 /* ForgotPassword */ = {
			isa = PBXGroup;
			children = (
				18F46E732A9F68680092CEA2 /* ForgotPasswordViewController.swift */,
			);
			path = ForgotPassword;
			sourceTree = "<group>";
		};
		4AD35AF92ACE92A900B26932 /* Register */ = {
			isa = PBXGroup;
			children = (
				18F46E752A9F68680092CEA2 /* RegisterViewController.swift */,
			);
			path = Register;
			sourceTree = "<group>";
		};
		4AD35AFA2ACE965A00B26932 /* Home */ = {
			isa = PBXGroup;
			children = (
				18F46E482A9F68670092CEA2 /* HomeViewController.swift */,
			);
			path = Home;
			sourceTree = "<group>";
		};
		4AD35AFB2ACE966600B26932 /* SideMenu */ = {
			isa = PBXGroup;
			children = (
				18F46E462A9F68670092CEA2 /* SideMenuViewController.swift */,
			);
			path = SideMenu;
			sourceTree = "<group>";
		};
		4AD35AFC2ACE967A00B26932 /* Cell */ = {
			isa = PBXGroup;
			children = (
				4AD35AFE2ACE969E00B26932 /* SideMenu */,
				4AD35AFD2ACE969200B26932 /* Home */,
			);
			path = Cell;
			sourceTree = "<group>";
		};
		4AD35AFD2ACE969200B26932 /* Home */ = {
			isa = PBXGroup;
			children = (
				18F46E432A9F68670092CEA2 /* HomeCollectionViewCell.swift */,
				18F46E4A2A9F68670092CEA2 /* ImageSliderCollectionViewCell.swift */,
			);
			path = Home;
			sourceTree = "<group>";
		};
		4AD35AFE2ACE969E00B26932 /* SideMenu */ = {
			isa = PBXGroup;
			children = (
				18F46E452A9F68670092CEA2 /* SideMenuTableViewCell.swift */,
				18F46E492A9F68670092CEA2 /* SideMenuTableViewCell.xib */,
			);
			path = SideMenu;
			sourceTree = "<group>";
		};
		4AE5868E2ABB013D0030FD91 /* Controller */ = {
			isa = PBXGroup;
			children = (
				18B5A8612AA1B23E0071BC48 /* MyCartViewController.swift */,
				18B5A8672AA1F4EF0071BC48 /* MyCartTableViewCell.swift */,
				18B5A8682AA1F4EF0071BC48 /* MyCartTableViewCell.xib */,
				183CA08E2AA736B900722B26 /* CustomFooterView.swift */,
				183CA0902AA736CB00722B26 /* CustomFooterView.xib */,
			);
			path = Controller;
			sourceTree = "<group>";
		};
		4AE5868F2ABB01610030FD91 /* Model */ = {
			isa = PBXGroup;
			children = (
				92BA92222AAEE93800B32BCE /* AddressModel.swift */,
			);
			path = Model;
			sourceTree = "<group>";
		};
		4AE586902ABB01700030FD91 /* View */ = {
			isa = PBXGroup;
			children = (
				180420A92AA346350046EDD8 /* AddAddressViewController.swift */,
				180420AB2AA353870046EDD8 /* AddressListViewController.swift */,
				180420AD2AA353B50046EDD8 /* AddressListTableViewCell.swift */,
				180420AE2AA353B50046EDD8 /* AddressListTableViewCell.xib */,
				9293DD622AB0306200C3282C /* AddressFooterView.swift */,
				9293DD642AB0308E00C3282C /* AddressFooterView.xib */,
			);
			path = View;
			sourceTree = "<group>";
		};
		4AE586912ABB01830030FD91 /* Storyboard */ = {
			isa = PBXGroup;
			children = (
				183CA0922AA7501D00722B26 /* Address.storyboard */,
			);
			path = Storyboard;
			sourceTree = "<group>";
		};
		4AE586922ABB019D0030FD91 /* ViewModel */ = {
			isa = PBXGroup;
			children = (
				9202128C2AA8853400CBE082 /* AddAddressViewModel.swift */,
			);
			path = ViewModel;
			sourceTree = "<group>";
		};
		4AE586932ABB01BD0030FD91 /* Storyboard */ = {
			isa = PBXGroup;
			children = (
				9207507C2AB1C8750020911C /* StoreLocator.storyboard */,
			);
			path = Storyboard;
			sourceTree = "<group>";
		};
		4AE586942ABB01CC0030FD91 /* View */ = {
			isa = PBXGroup;
			children = (
				4AE586952ABB01DD0030FD91 /* Controller */,
			);
			path = View;
			sourceTree = "<group>";
		};
		4AE586952ABB01DD0030FD91 /* Controller */ = {
			isa = PBXGroup;
			children = (
				9207507E2AB1C8880020911C /* StoreLocatorViewController.swift */,
				92732C102AB1D964003F987C /* StoreLocatorTableViewCell.swift */,
				92732C112AB1D964003F987C /* StoreLocatorTableViewCell.xib */,
			);
			path = Controller;
			sourceTree = "<group>";
		};
		4AE586962ABB01F80030FD91 /* Storyboard */ = {
			isa = PBXGroup;
			children = (
				18904AE92AA6EDB0002F8305 /* Account.storyboard */,
			);
			path = Storyboard;
			sourceTree = "<group>";
		};
		4AE586972ABB02040030FD91 /* View */ = {
			isa = PBXGroup;
			children = (
				4AE586962ABB01F80030FD91 /* Storyboard */,
				4AE586982ABB021A0030FD91 /* Controller */,
			);
			path = View;
			sourceTree = "<group>";
		};
		4AE586982ABB021A0030FD91 /* Controller */ = {
			isa = PBXGroup;
			children = (
				18904AEB2AA6EDEF002F8305 /* MyAccountViewController.swift */,
				18904AED2AA6EE17002F8305 /* EditProfileViewController.swift */,
				92AA6BBB2AB18D1700AAEA20 /* ChangePasswordViewController.swift */,
			);
			path = Controller;
			sourceTree = "<group>";
		};
		4AE586992ABB02320030FD91 /* Model */ = {
			isa = PBXGroup;
			children = (
				9281FE972AA9E45A0044194C /* GetAccountDetailsModel.swift */,
				92AA6BBD2AB1920C00AAEA20 /* ChangePasswordModel.swift */,
			);
			path = Model;
			sourceTree = "<group>";
		};
		4AE5869A2ABB02410030FD91 /* ViewModel */ = {
			isa = PBXGroup;
			children = (
				9281FE992AA9EF1B0044194C /* GetAccountDetailsViewModel.swift */,
				928F0FA82AAAD81E00C4418B /* UpdateAccountViewModel.swift */,
				92AA6BBF2AB1923500AAEA20 /* ChangePasswordViewModel.swift */,
			);
			path = ViewModel;
			sourceTree = "<group>";
		};
		920750772AB1C7130020911C /* StoreLocator */ = {
			isa = PBXGroup;
			children = (
				4AE586942ABB01CC0030FD91 /* View */,
				4AE586932ABB01BD0030FD91 /* Storyboard */,
			);
			path = StoreLocator;
			sourceTree = "<group>";
		};
		928F0FAD2AAB018600C4418B /* CoreData */ = {
			isa = PBXGroup;
			children = (
				928F100A2AAB3C6F00C4418B /* AddressEntity+CoreDataProperties copy.swift */,
				928F10092AAB3C6F00C4418B /* AddressEntity+CoreDataClass copy.swift */,
			);
			path = CoreData;
			sourceTree = "<group>";
		};
		9293DD5C2AB02C8E00C3282C /* Model */ = {
			isa = PBXGroup;
			children = (
				9293DD5A2AB02C5A00C3282C /* PlaceOrderModel.swift */,
				920C5C7D2AB0490D00D669ED /* OrderListModel.swift */,
				92619E9D2AB0787E0043390C /* OrderDetailModel.swift */,
			);
			path = Model;
			sourceTree = "<group>";
		};
		9293DD5D2AB02C9900C3282C /* Storyboard */ = {
			isa = PBXGroup;
			children = (
				1884FAA62AA5FC8A0020DFB3 /* Orders.storyboard */,
			);
			path = Storyboard;
			sourceTree = "<group>";
		};
		9293DD5E2AB02CAA00C3282C /* View */ = {
			isa = PBXGroup;
			children = (
				1884FAA82AA5FCB80020DFB3 /* MyOrdersViewController.swift */,
				1884FAAE2AA600220020DFB3 /* OrderIdViewController.swift */,
				1884FAAA2AA5FD510020DFB3 /* MyOrdersTableViewCell.swift */,
				1884FAAB2AA5FD510020DFB3 /* MyOrdersTableViewCell.xib */,
				1884FAB02AA600DC0020DFB3 /* OrderIdTableViewCell.swift */,
				1884FAB12AA600DC0020DFB3 /* OrderIdTableViewCell.xib */,
				92AA6BB72AB17BF100AAEA20 /* OrderIdFooterView.swift */,
				92AA6BB92AB17C5C00AAEA20 /* OrderIdFooterView.xib */,
			);
			path = View;
			sourceTree = "<group>";
		};
		9293DD5F2AB02CEA00C3282C /* ViewModel */ = {
			isa = PBXGroup;
			children = (
				9293DD602AB02D0D00C3282C /* PlaceOrderViewModel.swift */,
				920C5C7F2AB0499000D669ED /* OrderListViewModel.swift */,
				92E3F4C82AB097380096EFA1 /* OrderDetailViewModel.swift */,
			);
			path = ViewModel;
			sourceTree = "<group>";
		};
		B1E0515BA44211418B9C849A /* Frameworks */ = {
			isa = PBXGroup;
			children = (
				AA0566C61A8319D6E8796CB9 /* Pods_Demo.framework */,
			);
			name = Frameworks;
			sourceTree = "<group>";
		};
		DB0A9BF93E46024CA1A23C0D /* Pods */ = {
			isa = PBXGroup;
			children = (
				C068B9D7E11991A84764BBAD /* Pods-Demo.debug.xcconfig */,
				23DEDBC3E4845CC3EDB81664 /* Pods-Demo.release.xcconfig */,
			);
			path = Pods;
			sourceTree = "<group>";
		};
/* End PBXGroup section */

/* Begin PBXNativeTarget section */
		18F46E202A9F65C20092CEA2 /* Demo */ = {
			isa = PBXNativeTarget;
			buildConfigurationList = 18F46E352A9F65C40092CEA2 /* Build configuration list for PBXNativeTarget "Demo" */;
			buildPhases = (
				ABE829EF4B66886126B55C71 /* [CP] Check Pods Manifest.lock */,
				18F46E1D2A9F65C20092CEA2 /* Sources */,
				18F46E1E2A9F65C20092CEA2 /* Frameworks */,
				18F46E1F2A9F65C20092CEA2 /* Resources */,
				B00E71616DF3E5CB87ABBEFF /* [CP] Embed Pods Frameworks */,
			);
			buildRules = (
			);
			dependencies = (
			);
			name = Demo;
			productName = Demo;
			productReference = 18F46E212A9F65C20092CEA2 /* Demo.app */;
			productType = "com.apple.product-type.application";
		};
/* End PBXNativeTarget section */

/* Begin PBXProject section */
		18F46E192A9F65C20092CEA2 /* Project object */ = {
			isa = PBXProject;
			attributes = {
				BuildIndependentTargetsInParallel = 1;
				LastSwiftUpdateCheck = 1430;
				LastUpgradeCheck = 1430;
				TargetAttributes = {
					18F46E202A9F65C20092CEA2 = {
						CreatedOnToolsVersion = 14.3.1;
					};
				};
			};
			buildConfigurationList = 18F46E1C2A9F65C20092CEA2 /* Build configuration list for PBXProject "Demo" */;
			compatibilityVersion = "Xcode 14.0";
			developmentRegion = en;
			hasScannedForEncodings = 0;
			knownRegions = (
				en,
				Base,
			);
			mainGroup = 18F46E182A9F65C20092CEA2;
			productRefGroup = 18F46E222A9F65C20092CEA2 /* Products */;
			projectDirPath = "";
			projectRoot = "";
			targets = (
				18F46E202A9F65C20092CEA2 /* Demo */,
			);
		};
/* End PBXProject section */

/* Begin PBXResourcesBuildPhase section */
		18F46E1F2A9F65C20092CEA2 /* Resources */ = {
			isa = PBXResourcesBuildPhase;
			buildActionMask = 2147483647;
			files = (
				18F46E8D2A9F68690092CEA2 /* ProductDetailsCollectionViewCell.xib in Resources */,
				18F46E7A2A9F68690092CEA2 /* Main.storyboard in Resources */,
				92732C132AB1D964003F987C /* StoreLocatorTableViewCell.xib in Resources */,
				18F46E792A9F68690092CEA2 /* LaunchScreen.storyboard in Resources */,
				92AA6BBA2AB17C5C00AAEA20 /* OrderIdFooterView.xib in Resources */,
				18B5A86A2AA1F4EF0071BC48 /* MyCartTableViewCell.xib in Resources */,
				18F46E812A9F68690092CEA2 /* SideMenuTableViewCell.xib in Resources */,
				1884FAA72AA5FC8A0020DFB3 /* Orders.storyboard in Resources */,
				18904AEA2AA6EDB0002F8305 /* Account.storyboard in Resources */,
				1884FAB32AA600DC0020DFB3 /* OrderIdTableViewCell.xib in Resources */,
				18B0CF0C2AA0701600361E85 /* QuantityPopUpViewController.xib in Resources */,
				18F46E2E2A9F65C40092CEA2 /* Assets.xcassets in Resources */,
				180420B02AA353B50046EDD8 /* AddressListTableViewCell.xib in Resources */,
				18F46E9C2A9F68690092CEA2 /* Home.storyboard in Resources */,
				1884FAAD2AA5FD510020DFB3 /* MyOrdersTableViewCell.xib in Resources */,
				183CA0912AA736CB00722B26 /* CustomFooterView.xib in Resources */,
				9207507D2AB1C8750020911C /* StoreLocator.storyboard in Resources */,
				180420B42AA3574A0046EDD8 /* RatingViewController.xib in Resources */,
				9293DD652AB0308E00C3282C /* AddressFooterView.xib in Resources */,
				183CA0932AA7501D00722B26 /* Address.storyboard in Resources */,
			);
			runOnlyForDeploymentPostprocessing = 0;
		};
/* End PBXResourcesBuildPhase section */

/* Begin PBXShellScriptBuildPhase section */
		ABE829EF4B66886126B55C71 /* [CP] Check Pods Manifest.lock */ = {
			isa = PBXShellScriptBuildPhase;
			buildActionMask = 2147483647;
			files = (
			);
			inputFileListPaths = (
			);
			inputPaths = (
				"${PODS_PODFILE_DIR_PATH}/Podfile.lock",
				"${PODS_ROOT}/Manifest.lock",
			);
			name = "[CP] Check Pods Manifest.lock";
			outputFileListPaths = (
			);
			outputPaths = (
				"$(DERIVED_FILE_DIR)/Pods-Demo-checkManifestLockResult.txt",
			);
			runOnlyForDeploymentPostprocessing = 0;
			shellPath = /bin/sh;
			shellScript = "diff \"${PODS_PODFILE_DIR_PATH}/Podfile.lock\" \"${PODS_ROOT}/Manifest.lock\" > /dev/null\nif [ $? != 0 ] ; then\n    # print error to STDERR\n    echo \"error: The sandbox is not in sync with the Podfile.lock. Run 'pod install' or update your CocoaPods installation.\" >&2\n    exit 1\nfi\n# This output is used by Xcode 'outputs' to avoid re-running this script phase.\necho \"SUCCESS\" > \"${SCRIPT_OUTPUT_FILE_0}\"\n";
			showEnvVarsInLog = 0;
		};
		B00E71616DF3E5CB87ABBEFF /* [CP] Embed Pods Frameworks */ = {
			isa = PBXShellScriptBuildPhase;
			buildActionMask = 2147483647;
			files = (
			);
			inputFileListPaths = (
				"${PODS_ROOT}/Target Support Files/Pods-Demo/Pods-Demo-frameworks-${CONFIGURATION}-input-files.xcfilelist",
			);
			name = "[CP] Embed Pods Frameworks";
			outputFileListPaths = (
				"${PODS_ROOT}/Target Support Files/Pods-Demo/Pods-Demo-frameworks-${CONFIGURATION}-output-files.xcfilelist",
			);
			runOnlyForDeploymentPostprocessing = 0;
			shellPath = /bin/sh;
			shellScript = "\"${PODS_ROOT}/Target Support Files/Pods-Demo/Pods-Demo-frameworks.sh\"\n";
			showEnvVarsInLog = 0;
		};
/* End PBXShellScriptBuildPhase section */

/* Begin PBXSourcesBuildPhase section */
		18F46E1D2A9F65C20092CEA2 /* Sources */ = {
			isa = PBXSourcesBuildPhase;
			buildActionMask = 2147483647;
			files = (
				9293DD612AB02D0D00C3282C /* PlaceOrderViewModel.swift in Sources */,
				18F46E7E2A9F68690092CEA2 /* SideMenuViewController.swift in Sources */,
				18B0CF082AA05D1200361E85 /* CartManager.swift in Sources */,
				4AD35B022ACE99A300B26932 /* HomeViewModel.swift in Sources */,
				9293DD5B2AB02C5A00C3282C /* PlaceOrderModel.swift in Sources */,
				92E3F4C92AB097380096EFA1 /* OrderDetailViewModel.swift in Sources */,
				92AA6BBC2AB18D1700AAEA20 /* ChangePasswordViewController.swift in Sources */,
				18F46E782A9F68690092CEA2 /* SideMenuViewModel.swift in Sources */,
				18F46E982A9F68690092CEA2 /* User.swift in Sources */,
				9281FE962AA9D61D0044194C /* SetRatingViewModel.swift in Sources */,
				92BA92232AAEE93800B32BCE /* AddressModel.swift in Sources */,
				9202128D2AA8853400CBE082 /* AddAddressViewModel.swift in Sources */,
				18F46E252A9F65C20092CEA2 /* AppDelegate.swift in Sources */,
				18B5A8692AA1F4EF0071BC48 /* MyCartTableViewCell.swift in Sources */,
				18F46E882A9F68690092CEA2 /* ProductListModel.swift in Sources */,
				920750762AB1BCF90020911C /* ForgotPasswordViewModel.swift in Sources */,
				18F46E8E2A9F68690092CEA2 /* ProductTableViewCell.swift in Sources */,
				920C5C7E2AB0490D00D669ED /* OrderListModel.swift in Sources */,
				9281FE982AA9E45A0044194C /* GetAccountDetailsModel.swift in Sources */,
				18F46E852A9F68690092CEA2 /* UIViewController+Extension.swift in Sources */,
				180420AA2AA346350046EDD8 /* AddAddressViewController.swift in Sources */,
				9293DD632AB0306200C3282C /* AddressFooterView.swift in Sources */,
				18F46E932A9F68690092CEA2 /* NaviagtionBar.swift in Sources */,
				18F46E962A9F68690092CEA2 /* LoginCred.swift in Sources */,
				18F46E892A9F68690092CEA2 /* ProductDetailModel.swift in Sources */,
				18F46E8F2A9F68690092CEA2 /* Constant.swift in Sources */,
				18F46EA32A9F69B40092CEA2 /* GlobalInstance.swift in Sources */,
				18F46E802A9F68690092CEA2 /* HomeViewController.swift in Sources */,
				18F46E862A9F68690092CEA2 /* ProductDetailViewModel.swift in Sources */,
				18F46E972A9F68690092CEA2 /* RegisterResponse.swift in Sources */,
				1884FAB22AA600DC0020DFB3 /* OrderIdTableViewCell.swift in Sources */,
				9281FE9A2AA9EF1B0044194C /* GetAccountDetailsViewModel.swift in Sources */,
				18F46E822A9F68690092CEA2 /* ImageSliderCollectionViewCell.swift in Sources */,
				18B0CF0B2AA0701600361E85 /* QuantityPopUpViewController.swift in Sources */,
				18F46E7D2A9F68690092CEA2 /* SideMenuTableViewCell.swift in Sources */,
				18B5A86C2AA1F8630071BC48 /* CartListModel.swift in Sources */,
				18904AF02AA70844002F8305 /* EditCartViewModel.swift in Sources */,
				9281FE942AA9D5410044194C /* SetRatingModel.swift in Sources */,
				183CA08F2AA736B900722B26 /* CustomFooterView.swift in Sources */,
				1839AD822ACECB26000D5F59 /* UIImageView+Extension.swift in Sources */,
				180420B32AA3574A0046EDD8 /* RatingViewController.swift in Sources */,
				920C5C802AB0499000D669ED /* OrderListViewModel.swift in Sources */,
				18F46E9F2A9F68690092CEA2 /* RegisterViewController.swift in Sources */,
				92AA6BB82AB17BF100AAEA20 /* OrderIdFooterView.swift in Sources */,
				18F46E7B2A9F68690092CEA2 /* SideMenuModel.swift in Sources */,
				18F46E9E2A9F68690092CEA2 /* LoginViewController.swift in Sources */,
				18B5A8642AA1E7370071BC48 /* AddToCartModel.swift in Sources */,
				18F46E942A9F68690092CEA2 /* LoginViewModel.swift in Sources */,
				1884FAA92AA5FCB80020DFB3 /* MyOrdersViewController.swift in Sources */,
				4AD35B002ACE989000B26932 /* UIStoryboard+Extension.swift in Sources */,
				18904AEE2AA6EE18002F8305 /* EditProfileViewController.swift in Sources */,
				18904AF22AA70859002F8305 /* EditDeleteCartModel.swift in Sources */,
				180420AF2AA353B50046EDD8 /* AddressListTableViewCell.swift in Sources */,
				18904AF42AA726EC002F8305 /* DeleteCartViewModel.swift in Sources */,
				18F46E8C2A9F68690092CEA2 /* ProductDetailsCollectionViewCell.swift in Sources */,
				1884FAAF2AA600220020DFB3 /* OrderIdViewController.swift in Sources */,
				92AA6BC02AB1923500AAEA20 /* ChangePasswordViewModel.swift in Sources */,
				18F46E8A2A9F68690092CEA2 /* ProductDetailViewController.swift in Sources */,
				92619E9E2AB0787E0043390C /* OrderDetailModel.swift in Sources */,
				18B5A86E2AA1F96D0071BC48 /* CartListViewModel.swift in Sources */,
				928F0FAC2AAB010100C4418B /* AddressData.xcdatamodeld in Sources */,
				18B5A8622AA1B23E0071BC48 /* MyCartViewController.swift in Sources */,
				18F46E872A9F68690092CEA2 /* ProductViewModel.swift in Sources */,
				928F100B2AAB3C6F00C4418B /* AddressEntity+CoreDataClass copy.swift in Sources */,
				928F0FA92AAAD81E00C4418B /* UpdateAccountViewModel.swift in Sources */,
				18F46E992A9F68690092CEA2 /* UserData.swift in Sources */,
				180420AC2AA353870046EDD8 /* AddressListViewController.swift in Sources */,
				18904AEC2AA6EDEF002F8305 /* MyAccountViewController.swift in Sources */,
				18F46E922A9F68690092CEA2 /* apiFetching.swift in Sources */,
				18F46E8B2A9F68690092CEA2 /* ProductViewController.swift in Sources */,
				92732C122AB1D964003F987C /* StoreLocatorTableViewCell.swift in Sources */,
				9207507F2AB1C8880020911C /* StoreLocatorViewController.swift in Sources */,
				18F46E952A9F68690092CEA2 /* RegisterViewModel.swift in Sources */,
				18F46E9D2A9F68690092CEA2 /* ForgotPasswordViewController.swift in Sources */,
				1884FAAC2AA5FD510020DFB3 /* MyOrdersTableViewCell.swift in Sources */,
				928F100C2AAB3C6F00C4418B /* AddressEntity+CoreDataProperties copy.swift in Sources */,
				18F46E7C2A9F68690092CEA2 /* HomeCollectionViewCell.swift in Sources */,
				92AA6BBE2AB1920C00AAEA20 /* ChangePasswordModel.swift in Sources */,
				18B5A8662AA1E77F0071BC48 /* AddToCartViewModel.swift in Sources */,
				18F46E9A2A9F68690092CEA2 /* LoginResponse.swift in Sources */,
				18F46E912A9F68690092CEA2 /* ViewDesign.swift in Sources */,
			);
			runOnlyForDeploymentPostprocessing = 0;
		};
/* End PBXSourcesBuildPhase section */

/* Begin PBXVariantGroup section */
		18F46E3C2A9F68670092CEA2 /* LaunchScreen.storyboard */ = {
			isa = PBXVariantGroup;
			children = (
				18F46E3D2A9F68670092CEA2 /* Base */,
			);
			name = LaunchScreen.storyboard;
			sourceTree = "<group>";
		};
		18F46E3E2A9F68670092CEA2 /* Main.storyboard */ = {
			isa = PBXVariantGroup;
			children = (
				18F46E3F2A9F68670092CEA2 /* Base */,
			);
			name = Main.storyboard;
			sourceTree = "<group>";
		};
/* End PBXVariantGroup section */

/* Begin XCBuildConfiguration section */
		18F46E332A9F65C40092CEA2 /* Debug */ = {
			isa = XCBuildConfiguration;
			buildSettings = {
				ALWAYS_SEARCH_USER_PATHS = NO;
				CLANG_ANALYZER_NONNULL = YES;
				CLANG_ANALYZER_NUMBER_OBJECT_CONVERSION = YES_AGGRESSIVE;
				CLANG_CXX_LANGUAGE_STANDARD = "gnu++20";
				CLANG_ENABLE_MODULES = YES;
				CLANG_ENABLE_OBJC_ARC = YES;
				CLANG_ENABLE_OBJC_WEAK = YES;
				CLANG_WARN_BLOCK_CAPTURE_AUTORELEASING = YES;
				CLANG_WARN_BOOL_CONVERSION = YES;
				CLANG_WARN_COMMA = YES;
				CLANG_WARN_CONSTANT_CONVERSION = YES;
				CLANG_WARN_DEPRECATED_OBJC_IMPLEMENTATIONS = YES;
				CLANG_WARN_DIRECT_OBJC_ISA_USAGE = YES_ERROR;
				CLANG_WARN_DOCUMENTATION_COMMENTS = YES;
				CLANG_WARN_EMPTY_BODY = YES;
				CLANG_WARN_ENUM_CONVERSION = YES;
				CLANG_WARN_INFINITE_RECURSION = YES;
				CLANG_WARN_INT_CONVERSION = YES;
				CLANG_WARN_NON_LITERAL_NULL_CONVERSION = YES;
				CLANG_WARN_OBJC_IMPLICIT_RETAIN_SELF = YES;
				CLANG_WARN_OBJC_LITERAL_CONVERSION = YES;
				CLANG_WARN_OBJC_ROOT_CLASS = YES_ERROR;
				CLANG_WARN_QUOTED_INCLUDE_IN_FRAMEWORK_HEADER = YES;
				CLANG_WARN_RANGE_LOOP_ANALYSIS = YES;
				CLANG_WARN_STRICT_PROTOTYPES = YES;
				CLANG_WARN_SUSPICIOUS_MOVE = YES;
				CLANG_WARN_UNGUARDED_AVAILABILITY = YES_AGGRESSIVE;
				CLANG_WARN_UNREACHABLE_CODE = YES;
				CLANG_WARN__DUPLICATE_METHOD_MATCH = YES;
				COPY_PHASE_STRIP = NO;
				DEBUG_INFORMATION_FORMAT = dwarf;
				ENABLE_STRICT_OBJC_MSGSEND = YES;
				ENABLE_TESTABILITY = YES;
				GCC_C_LANGUAGE_STANDARD = gnu11;
				GCC_DYNAMIC_NO_PIC = NO;
				GCC_NO_COMMON_BLOCKS = YES;
				GCC_OPTIMIZATION_LEVEL = 0;
				GCC_PREPROCESSOR_DEFINITIONS = (
					"DEBUG=1",
					"$(inherited)",
				);
				GCC_WARN_64_TO_32_BIT_CONVERSION = YES;
				GCC_WARN_ABOUT_RETURN_TYPE = YES_ERROR;
				GCC_WARN_UNDECLARED_SELECTOR = YES;
				GCC_WARN_UNINITIALIZED_AUTOS = YES_AGGRESSIVE;
				GCC_WARN_UNUSED_FUNCTION = YES;
				GCC_WARN_UNUSED_VARIABLE = YES;
				IPHONEOS_DEPLOYMENT_TARGET = 16.4;
				MTL_ENABLE_DEBUG_INFO = INCLUDE_SOURCE;
				MTL_FAST_MATH = YES;
				ONLY_ACTIVE_ARCH = YES;
				SDKROOT = iphoneos;
				SWIFT_ACTIVE_COMPILATION_CONDITIONS = DEBUG;
				SWIFT_OPTIMIZATION_LEVEL = "-Onone";
			};
			name = Debug;
		};
		18F46E342A9F65C40092CEA2 /* Release */ = {
			isa = XCBuildConfiguration;
			buildSettings = {
				ALWAYS_SEARCH_USER_PATHS = NO;
				CLANG_ANALYZER_NONNULL = YES;
				CLANG_ANALYZER_NUMBER_OBJECT_CONVERSION = YES_AGGRESSIVE;
				CLANG_CXX_LANGUAGE_STANDARD = "gnu++20";
				CLANG_ENABLE_MODULES = YES;
				CLANG_ENABLE_OBJC_ARC = YES;
				CLANG_ENABLE_OBJC_WEAK = YES;
				CLANG_WARN_BLOCK_CAPTURE_AUTORELEASING = YES;
				CLANG_WARN_BOOL_CONVERSION = YES;
				CLANG_WARN_COMMA = YES;
				CLANG_WARN_CONSTANT_CONVERSION = YES;
				CLANG_WARN_DEPRECATED_OBJC_IMPLEMENTATIONS = YES;
				CLANG_WARN_DIRECT_OBJC_ISA_USAGE = YES_ERROR;
				CLANG_WARN_DOCUMENTATION_COMMENTS = YES;
				CLANG_WARN_EMPTY_BODY = YES;
				CLANG_WARN_ENUM_CONVERSION = YES;
				CLANG_WARN_INFINITE_RECURSION = YES;
				CLANG_WARN_INT_CONVERSION = YES;
				CLANG_WARN_NON_LITERAL_NULL_CONVERSION = YES;
				CLANG_WARN_OBJC_IMPLICIT_RETAIN_SELF = YES;
				CLANG_WARN_OBJC_LITERAL_CONVERSION = YES;
				CLANG_WARN_OBJC_ROOT_CLASS = YES_ERROR;
				CLANG_WARN_QUOTED_INCLUDE_IN_FRAMEWORK_HEADER = YES;
				CLANG_WARN_RANGE_LOOP_ANALYSIS = YES;
				CLANG_WARN_STRICT_PROTOTYPES = YES;
				CLANG_WARN_SUSPICIOUS_MOVE = YES;
				CLANG_WARN_UNGUARDED_AVAILABILITY = YES_AGGRESSIVE;
				CLANG_WARN_UNREACHABLE_CODE = YES;
				CLANG_WARN__DUPLICATE_METHOD_MATCH = YES;
				COPY_PHASE_STRIP = NO;
				DEBUG_INFORMATION_FORMAT = "dwarf-with-dsym";
				ENABLE_NS_ASSERTIONS = NO;
				ENABLE_STRICT_OBJC_MSGSEND = YES;
				GCC_C_LANGUAGE_STANDARD = gnu11;
				GCC_NO_COMMON_BLOCKS = YES;
				GCC_WARN_64_TO_32_BIT_CONVERSION = YES;
				GCC_WARN_ABOUT_RETURN_TYPE = YES_ERROR;
				GCC_WARN_UNDECLARED_SELECTOR = YES;
				GCC_WARN_UNINITIALIZED_AUTOS = YES_AGGRESSIVE;
				GCC_WARN_UNUSED_FUNCTION = YES;
				GCC_WARN_UNUSED_VARIABLE = YES;
				IPHONEOS_DEPLOYMENT_TARGET = 16.4;
				MTL_ENABLE_DEBUG_INFO = NO;
				MTL_FAST_MATH = YES;
				SDKROOT = iphoneos;
				SWIFT_COMPILATION_MODE = wholemodule;
				SWIFT_OPTIMIZATION_LEVEL = "-O";
				VALIDATE_PRODUCT = YES;
			};
			name = Release;
		};
		18F46E362A9F65C40092CEA2 /* Debug */ = {
			isa = XCBuildConfiguration;
			baseConfigurationReference = C068B9D7E11991A84764BBAD /* Pods-Demo.debug.xcconfig */;
			buildSettings = {
				ASSETCATALOG_COMPILER_APPICON_NAME = AppIcon;
				ASSETCATALOG_COMPILER_GLOBAL_ACCENT_COLOR_NAME = AccentColor;
				CODE_SIGN_STYLE = Automatic;
				CURRENT_PROJECT_VERSION = 1;
				GENERATE_INFOPLIST_FILE = YES;
				INFOPLIST_FILE = Demo/Info.plist;
				INFOPLIST_KEY_UIApplicationSupportsIndirectInputEvents = YES;
				INFOPLIST_KEY_UILaunchStoryboardName = LaunchScreen;
				INFOPLIST_KEY_UISupportedInterfaceOrientations_iPad = "UIInterfaceOrientationPortrait UIInterfaceOrientationPortraitUpsideDown UIInterfaceOrientationLandscapeLeft UIInterfaceOrientationLandscapeRight";
				INFOPLIST_KEY_UISupportedInterfaceOrientations_iPhone = "UIInterfaceOrientationPortrait UIInterfaceOrientationLandscapeLeft UIInterfaceOrientationLandscapeRight";
				IPHONEOS_DEPLOYMENT_TARGET = 16.2;
				LD_RUNPATH_SEARCH_PATHS = (
					"$(inherited)",
					"@executable_path/Frameworks",
				);
				MARKETING_VERSION = 1.0;
				PRODUCT_BUNDLE_IDENTIFIER = com.shraddha.Demo;
				PRODUCT_NAME = "$(TARGET_NAME)";
				SWIFT_EMIT_LOC_STRINGS = YES;
				SWIFT_VERSION = 5.0;
				TARGETED_DEVICE_FAMILY = "1,2";
			};
			name = Debug;
		};
		18F46E372A9F65C40092CEA2 /* Release */ = {
			isa = XCBuildConfiguration;
			baseConfigurationReference = 23DEDBC3E4845CC3EDB81664 /* Pods-Demo.release.xcconfig */;
			buildSettings = {
				ASSETCATALOG_COMPILER_APPICON_NAME = AppIcon;
				ASSETCATALOG_COMPILER_GLOBAL_ACCENT_COLOR_NAME = AccentColor;
				CODE_SIGN_STYLE = Automatic;
				CURRENT_PROJECT_VERSION = 1;
				GENERATE_INFOPLIST_FILE = YES;
				INFOPLIST_FILE = Demo/Info.plist;
				INFOPLIST_KEY_UIApplicationSupportsIndirectInputEvents = YES;
				INFOPLIST_KEY_UILaunchStoryboardName = LaunchScreen;
				INFOPLIST_KEY_UISupportedInterfaceOrientations_iPad = "UIInterfaceOrientationPortrait UIInterfaceOrientationPortraitUpsideDown UIInterfaceOrientationLandscapeLeft UIInterfaceOrientationLandscapeRight";
				INFOPLIST_KEY_UISupportedInterfaceOrientations_iPhone = "UIInterfaceOrientationPortrait UIInterfaceOrientationLandscapeLeft UIInterfaceOrientationLandscapeRight";
				IPHONEOS_DEPLOYMENT_TARGET = 16.2;
				LD_RUNPATH_SEARCH_PATHS = (
					"$(inherited)",
					"@executable_path/Frameworks",
				);
				MARKETING_VERSION = 1.0;
				PRODUCT_BUNDLE_IDENTIFIER = com.shraddha.Demo;
				PRODUCT_NAME = "$(TARGET_NAME)";
				SWIFT_EMIT_LOC_STRINGS = YES;
				SWIFT_VERSION = 5.0;
				TARGETED_DEVICE_FAMILY = "1,2";
			};
			name = Release;
		};
/* End XCBuildConfiguration section */

/* Begin XCConfigurationList section */
		18F46E1C2A9F65C20092CEA2 /* Build configuration list for PBXProject "Demo" */ = {
			isa = XCConfigurationList;
			buildConfigurations = (
				18F46E332A9F65C40092CEA2 /* Debug */,
				18F46E342A9F65C40092CEA2 /* Release */,
			);
			defaultConfigurationIsVisible = 0;
			defaultConfigurationName = Release;
		};
		18F46E352A9F65C40092CEA2 /* Build configuration list for PBXNativeTarget "Demo" */ = {
			isa = XCConfigurationList;
			buildConfigurations = (
				18F46E362A9F65C40092CEA2 /* Debug */,
				18F46E372A9F65C40092CEA2 /* Release */,
			);
			defaultConfigurationIsVisible = 0;
			defaultConfigurationName = Release;
		};
/* End XCConfigurationList section */

/* Begin XCVersionGroup section */
		928F0FAA2AAB010100C4418B /* AddressData.xcdatamodeld */ = {
			isa = XCVersionGroup;
			children = (
				928F0FAB2AAB010100C4418B /* AddressData.xcdatamodel */,
			);
			currentVersion = 928F0FAB2AAB010100C4418B /* AddressData.xcdatamodel */;
			path = AddressData.xcdatamodeld;
			sourceTree = "<group>";
			versionGroupType = wrapper.xcdatamodel;
		};
/* End XCVersionGroup section */
	};
	rootObject = 18F46E192A9F65C20092CEA2 /* Project object */;
}
